
Microsoft Visual Studio Solution File, Format Version 12.00
# Visual Studio Version 16
VisualStudioVersion = 16.0.30804.86
MinimumVisualStudioVersion = 10.0.40219.1
Project("{FAE04EC0-301F-11D3-BF4B-00C04F79EFBC}") = "PictureEditor", "PictureEditor\PictureEditor.csproj", "{8A599D64-AFDC-4AAE-B35C-F6C42BBDB706}"
EndProject
Global
	GlobalSection(SolutionConfigurationPlatforms) = preSolution
		Debug|Any CPU = Debug|Any CPU
		Release|Any CPU = Release|Any CPU
	EndGlobalSection
	GlobalSection(ProjectConfigurationPlatforms) = postSolution
		{8A599D64-AFDC-4AAE-B35C-F6C42BBDB706}.Debug|Any CPU.ActiveCfg = Debug|Any CPU
		{8A599D64-AFDC-4AAE-B35C-F6C42BBDB706}.Debug|Any CPU.Build.0 = Debug|Any CPU
		{8A599D64-AFDC-4AAE-B35C-F6C42BBDB706}.Release|Any CPU.ActiveCfg = Release|Any CPU
		{8A599D64-AFDC-4AAE-B35C-F6C42BBDB706}.Release|Any CPU.Build.0 = Release|Any CPU
	EndGlobalSection
	GlobalSection(SolutionProperties) = preSolution
		HideSolutionNode = FALSE
	EndGlobalSection
	GlobalSection(ExtensibilityGlobals) = postSolution
		SolutionGuid = {4682C488-00AA-45A2-910A-AA5DB07A617F}
	EndGlobalSection
EndGlobal
